
Microsoft Visual Studio Solution File, Format Version 12.00
# Visual Studio Version 16
VisualStudioVersion = 16.0.31005.135
MinimumVisualStudioVersion = 10.0.40219.1
Project("{FAE04EC0-301F-11D3-BF4B-00C04F79EFBC}") = "DemoExamplesRoadmap", "DemoExamplesRoadmap\DemoExamplesRoadmap.csproj", "{3FAC1551-798C-442D-BADF-63053E9575D1}"
EndProject
Global
	GlobalSection(SolutionConfigurationPlatforms) = preSolution
		Debug|Any CPU = Debug|Any CPU
		Release|Any CPU = Release|Any CPU
	EndGlobalSection
	GlobalSection(ProjectConfigurationPlatforms) = postSolution
		{3FAC1551-798C-442D-BADF-63053E9575D1}.Debug|Any CPU.ActiveCfg = Debug|Any CPU
		{3FAC1551-798C-442D-BADF-63053E9575D1}.Debug|Any CPU.Build.0 = Debug|Any CPU
		{3FAC1551-798C-442D-BADF-63053E9575D1}.Release|Any CPU.ActiveCfg = Release|Any CPU
		{3FAC1551-798C-442D-BADF-63053E9575D1}.Release|Any CPU.Build.0 = Release|Any CPU
	EndGlobalSection
	GlobalSection(SolutionProperties) = preSolution
		HideSolutionNode = FALSE
	EndGlobalSection
	GlobalSection(ExtensibilityGlobals) = postSolution
		SolutionGuid = {B005EC49-B636-455F-89F3-5A798C505594}
	EndGlobalSection
EndGlobal
